// !$*UTF8*$!
{
	archiveVersion = 1;
	classes = {
	};
	objectVersion = 77;
	objects = {

/* Begin PBXBuildFile section */
		1E0704BC27200091CD567C3A /* ContentView.swift in Sources */ = {isa = PBXBuildFile; fileRef = 3ECC0B989F71DA24F04C1B1E /* ContentView.swift */; };
		393F6EA678B02FD87E0AD1D0 /* LiquidKitSampleApp.swift in Sources */ = {isa = PBXBuildFile; fileRef = 82EC324A2D56B0CCC78B9703 /* LiquidKitSampleApp.swift */; };
		5ABA4F88FD843CEB97852D2F /* Assets.xcassets in Resources */ = {isa = PBXBuildFile; fileRef = D0333DC61E2469B1AA0044EF /* Assets.xcassets */; };
		85210646D05E6010C4AF76EB /* LiquidKitSample.xcframework in Frameworks */ = {isa = PBXBuildFile; fileRef = 3D0E9904A217D5355508B3CB /* LiquidKitSample.xcframework */; };
/* End PBXBuildFile section */

/* Begin PBXFileReference section */
		3D0E9904A217D5355508B3CB /* LiquidKitSample.xcframework */ = {isa = PBXFileReference; lastKnownFileType = wrapper.xcframework; name = LiquidKitSample.xcframework; path = ../sampleApp/build/XCFrameworks/debug/LiquidKitSample.xcframework; sourceTree = "<group>"; };
		3ECC0B989F71DA24F04C1B1E /* ContentView.swift */ = {isa = PBXFileReference; lastKnownFileType = sourcecode.swift; path = ContentView.swift; sourceTree = "<group>"; };
		4DEF3B1A0362EDBA3F05AE9E /* Info.plist */ = {isa = PBXFileReference; lastKnownFileType = text.plist; path = Info.plist; sourceTree = "<group>"; };
		82EC324A2D56B0CCC78B9703 /* LiquidKitSampleApp.swift */ = {isa = PBXFileReference; lastKnownFileType = sourcecode.swift; path = LiquidKitSampleApp.swift; sourceTree = "<group>"; };
		BF3FD00BF1A61A119B16A115 /* LiquidKitSampleIOS.app */ = {isa = PBXFileReference; includeInIndex = 0; lastKnownFileType = wrapper.application; path = LiquidKitSampleIOS.app; sourceTree = BUILT_PRODUCTS_DIR; };
		D0333DC61E2469B1AA0044EF /* Assets.xcassets */ = {isa = PBXFileReference; lastKnownFileType = folder.assetcatalog; path = Assets.xcassets; sourceTree = "<group>"; };
/* End PBXFileReference section */

/* Begin PBXFrameworksBuildPhase section */
		A4CE50BCA265B9B2DB5D0F85 /* Frameworks */ = {
			isa = PBXFrameworksBuildPhase;
			buildActionMask = 2147483647;
			files = (
				85210646D05E6010C4AF76EB /* LiquidKitSample.xcframework in Frameworks */,
			);
			runOnlyForDeploymentPostprocessing = 0;
		};
/* End PBXFrameworksBuildPhase section */

/* Begin PBXGroup section */
		083A51E694E77FB9D4CEDEAD = {
			isa = PBXGroup;
			children = (
				10EE9A5644F8EB20326A40AE /* LiquidKitSample */,
				8A46E946AA4F68843AA9F739 /* Frameworks */,
				18C7B8DA344E3AE3EAE2E9B5 /* Products */,
			);
			sourceTree = "<group>";
		};
		10EE9A5644F8EB20326A40AE /* LiquidKitSample */ = {
			isa = PBXGroup;
			children = (
				D0333DC61E2469B1AA0044EF /* Assets.xcassets */,
				3ECC0B989F71DA24F04C1B1E /* ContentView.swift */,
				4DEF3B1A0362EDBA3F05AE9E /* Info.plist */,
				82EC324A2D56B0CCC78B9703 /* LiquidKitSampleApp.swift */,
			);
			path = LiquidKitSample;
			sourceTree = "<group>";
		};
		18C7B8DA344E3AE3EAE2E9B5 /* Products */ = {
			isa = PBXGroup;
			children = (
				BF3FD00BF1A61A119B16A115 /* LiquidKitSampleIOS.app */,
			);
			name = Products;
			sourceTree = "<group>";
		};
		8A46E946AA4F68843AA9F739 /* Frameworks */ = {
			isa = PBXGroup;
			children = (
				3D0E9904A217D5355508B3CB /* LiquidKitSample.xcframework */,
			);
			name = Frameworks;
			sourceTree = "<group>";
		};
/* End PBXGroup section */

/* Begin PBXNativeTarget section */
		136C5B1A221F28E065CC4536 /* LiquidKitSampleIOS */ = {
			isa = PBXNativeTarget;
			buildConfigurationList = 0AB946D06EF24A7853214926 /* Build configuration list for PBXNativeTarget "LiquidKitSampleIOS" */;
			buildPhases = (
				D5A67AA073A8364654A0E60C /* Build Kotlin XCFramework */,
				FB90B69241A4A50C2E3B1286 /* Sources */,
				7AEE3762CB28C1EBBB9F05C4 /* Resources */,
				A4CE50BCA265B9B2DB5D0F85 /* Frameworks */,
			);
			buildRules = (
			);
			dependencies = (
			);
			name = LiquidKitSampleIOS;
			packageProductDependencies = (
			);
			productName = LiquidKitSampleIOS;
			productReference = BF3FD00BF1A61A119B16A115 /* LiquidKitSampleIOS.app */;
			productType = "com.apple.product-type.application";
		};
/* End PBXNativeTarget section */

/* Begin PBXProject section */
		B8ADDCEC0D58395C7A90F640 /* Project object */ = {
			isa = PBXProject;
			attributes = {
				BuildIndependentTargetsInParallel = YES;
				LastUpgradeCheck = 1430;
				TargetAttributes = {
					136C5B1A221F28E065CC4536 = {
						DevelopmentTeam = "";
					};
				};
			};
			buildConfigurationList = 0513D6BFC50D64A2858FD052 /* Build configuration list for PBXProject "LiquidKitSample" */;
			compatibilityVersion = "Xcode 14.0";
			developmentRegion = en;
			hasScannedForEncodings = 0;
			knownRegions = (
				Base,
				en,
			);
			mainGroup = 083A51E694E77FB9D4CEDEAD;
			minimizedProjectReferenceProxies = 1;
			preferredProjectObjectVersion = 77;
			projectDirPath = "";
			projectRoot = "";
			targets = (
				136C5B1A221F28E065CC4536 /* LiquidKitSampleIOS */,
			);
		};
/* End PBXProject section */

/* Begin PBXResourcesBuildPhase section */
		7AEE3762CB28C1EBBB9F05C4 /* Resources */ = {
			isa = PBXResourcesBuildPhase;
			buildActionMask = 2147483647;
			files = (
				5ABA4F88FD843CEB97852D2F /* Assets.xcassets in Resources */,
			);
			runOnlyForDeploymentPostprocessing = 0;
		};
/* End PBXResourcesBuildPhase section */

/* Begin PBXShellScriptBuildPhase section */
		D5A67AA073A8364654A0E60C /* Build Kotlin XCFramework */ = {
			isa = PBXShellScriptBuildPhase;
			alwaysOutOfDate = 1;
			buildActionMask = 2147483647;
			files = (
			);
			inputFileListPaths = (
			);
			inputPaths = (
			);
			name = "Build Kotlin XCFramework";
			outputFileListPaths = (
			);
			outputPaths = (
			);
			runOnlyForDeploymentPostprocessing = 0;
			shellPath = /bin/sh;
			shellScript = "cd \"$SRCROOT/..\"\ngradle :sampleApp:linkDebugFrameworkIosArm64 :sampleApp:linkDebugFrameworkIosSimulatorArm64\nrm -rf sampleApp/build/XCFrameworks/debug/LiquidKitSample.xcframework\nmkdir -p sampleApp/build/XCFrameworks/debug\nxcodebuild -create-xcframework \\\n  -framework sampleApp/build/bin/iosArm64/debugFramework/LiquidKitSample.framework \\\n  -framework sampleApp/build/bin/iosSimulatorArm64/debugFramework/LiquidKitSample.framework \\\n  -output sampleApp/build/XCFrameworks/debug/LiquidKitSample.xcframework\n";
		};
/* End PBXShellScriptBuildPhase section */

/* Begin PBXSourcesBuildPhase section */
		FB90B69241A4A50C2E3B1286 /* Sources */ = {
			isa = PBXSourcesBuildPhase;
			buildActionMask = 2147483647;
			files = (
				1E0704BC27200091CD567C3A /* ContentView.swift in Sources */,
				393F6EA678B02FD87E0AD1D0 /* LiquidKitSampleApp.swift in Sources */,
			);
			runOnlyForDeploymentPostprocessing = 0;
		};
/* End PBXSourcesBuildPhase section */

/* Begin XCBuildConfiguration section */
		03F928086C2E509341AF8C3D /* Debug */ = {
			isa = XCBuildConfiguration;
			buildSettings = {
				ALWAYS_SEARCH_USER_PATHS = NO;
				CLANG_ANALYZER_NONNULL = YES;
				CLANG_ANALYZER_NUMBER_OBJECT_CONVERSION = YES_AGGRESSIVE;
				CLANG_CXX_LANGUAGE_STANDARD = "gnu++14";
				CLANG_CXX_LIBRARY = "libc++";
				CLANG_ENABLE_MODULES = YES;
				CLANG_ENABLE_OBJC_ARC = YES;
				CLANG_ENABLE_OBJC_WEAK = YES;
				CLANG_WARN_BLOCK_CAPTURE_AUTORELEASING = YES;
				CLANG_WARN_BOOL_CONVERSION = YES;
				CLANG_WARN_COMMA = YES;
				CLANG_WARN_CONSTANT_CONVERSION = YES;
				CLANG_WARN_DEPRECATED_OBJC_IMPLEMENTATIONS = YES;
				CLANG_WARN_DIRECT_OBJC_ISA_USAGE = YES_ERROR;
				CLANG_WARN_DOCUMENTATION_COMMENTS = YES;
				CLANG_WARN_EMPTY_BODY = YES;
				CLANG_WARN_ENUM_CONVERSION = YES;
				CLANG_WARN_INFINITE_RECURSION = YES;
				CLANG_WARN_INT_CONVERSION = YES;
				CLANG_WARN_NON_LITERAL_NULL_CONVERSION = YES;
				CLANG_WARN_OBJC_IMPLICIT_RETAIN_SELF = YES;
				CLANG_WARN_OBJC_LITERAL_CONVERSION = YES;
				CLANG_WARN_OBJC_ROOT_CLASS = YES_ERROR;
				CLANG_WARN_QUOTED_INCLUDE_IN_FRAMEWORK_HEADER = YES;
				CLANG_WARN_RANGE_LOOP_ANALYSIS = YES;
				CLANG_WARN_STRICT_PROTOTYPES = YES;
				CLANG_WARN_SUSPICIOUS_MOVE = YES;
				CLANG_WARN_UNGUARDED_AVAILABILITY = YES_AGGRESSIVE;
				CLANG_WARN_UNREACHABLE_CODE = YES;
				CLANG_WARN__DUPLICATE_METHOD_MATCH = YES;
				COPY_PHASE_STRIP = NO;
				DEBUG_INFORMATION_FORMAT = dwarf;
				DEVELOPMENT_TEAM = "";
				ENABLE_STRICT_OBJC_MSGSEND = YES;
				ENABLE_TESTABILITY = YES;
				GCC_C_LANGUAGE_STANDARD = gnu11;
				GCC_DYNAMIC_NO_PIC = NO;
				GCC_NO_COMMON_BLOCKS = YES;
				GCC_OPTIMIZATION_LEVEL = 0;
				GCC_PREPROCESSOR_DEFINITIONS = (
					"$(inherited)",
					"DEBUG=1",
				);
				GCC_WARN_64_TO_32_BIT_CONVERSION = YES;
				GCC_WARN_ABOUT_RETURN_TYPE = YES_ERROR;
				GCC_WARN_UNDECLARED_SELECTOR = YES;
				GCC_WARN_UNINITIALIZED_AUTOS = YES_AGGRESSIVE;
				GCC_WARN_UNUSED_FUNCTION = YES;
				GCC_WARN_UNUSED_VARIABLE = YES;
				IPHONEOS_DEPLOYMENT_TARGET = 17.2;
				LD_RUNPATH_SEARCH_PATHS = (
					"$(inherited)",
					"@executable_path/Frameworks",
				);
				MTL_ENABLE_DEBUG_INFO = INCLUDE_SOURCE;
				MTL_FAST_MATH = YES;
				ONLY_ACTIVE_ARCH = YES;
				PRODUCT_NAME = "$(TARGET_NAME)";
				SDKROOT = iphoneos;
				SWIFT_ACTIVE_COMPILATION_CONDITIONS = DEBUG;
				SWIFT_OPTIMIZATION_LEVEL = "-Onone";
				SWIFT_VERSION = 5.0;
			};
			name = Debug;
		};
		478E38623A5E6CCCB410323B /* Debug */ = {
			isa = XCBuildConfiguration;
			buildSettings = {
				ASSETCATALOG_COMPILER_APPICON_NAME = AppIcon;
				CODE_SIGN_IDENTITY = "iPhone Developer";
				"EXCLUDED_ARCHS[sdk=iphonesimulator*]" = x86_64;
				FRAMEWORK_SEARCH_PATHS = (
					"$(inherited)",
					"\"../sampleApp/build/XCFrameworks/debug\"",
				);
				INFOPLIST_FILE = LiquidKitSample/Info.plist;
				LD_RUNPATH_SEARCH_PATHS = (
					"$(inherited)",
					"@executable_path/Frameworks",
				);
				PRODUCT_BUNDLE_IDENTIFIER = io.github.androidpoet.LiquidKitSample;
				PRODUCT_MODULE_NAME = LiquidKitSampleIOS;
				PRODUCT_NAME = LiquidKitSampleIOS;
				SDKROOT = iphoneos;
				SWIFT_ENABLE_EXPLICIT_MODULES = NO;
				SWIFT_VERSION = 6.0;
				TARGETED_DEVICE_FAMILY = "1,2";
			};
			name = Debug;
		};
		850957BC9CA2D19AD6F1ACF0 /* Release */ = {
			isa = XCBuildConfiguration;
			buildSettings = {
				ALWAYS_SEARCH_USER_PATHS = NO;
				CLANG_ANALYZER_NONNULL = YES;
				CLANG_ANALYZER_NUMBER_OBJECT_CONVERSION = YES_AGGRESSIVE;
				CLANG_CXX_LANGUAGE_STANDARD = "gnu++14";
				CLANG_CXX_LIBRARY = "libc++";
				CLANG_ENABLE_MODULES = YES;
				CLANG_ENABLE_OBJC_ARC = YES;
				CLANG_ENABLE_OBJC_WEAK = YES;
				CLANG_WARN_BLOCK_CAPTURE_AUTORELEASING = YES;
				CLANG_WARN_BOOL_CONVERSION = YES;
				CLANG_WARN_COMMA = YES;
				CLANG_WARN_CONSTANT_CONVERSION = YES;
				CLANG_WARN_DEPRECATED_OBJC_IMPLEMENTATIONS = YES;
				CLANG_WARN_DIRECT_OBJC_ISA_USAGE = YES_ERROR;
				CLANG_WARN_DOCUMENTATION_COMMENTS = YES;
				CLANG_WARN_EMPTY_BODY = YES;
				CLANG_WARN_ENUM_CONVERSION = YES;
				CLANG_WARN_INFINITE_RECURSION = YES;
				CLANG_WARN_INT_CONVERSION = YES;
				CLANG_WARN_NON_LITERAL_NULL_CONVERSION = YES;
				CLANG_WARN_OBJC_IMPLICIT_RETAIN_SELF = YES;
				CLANG_WARN_OBJC_LITERAL_CONVERSION = YES;
				CLANG_WARN_OBJC_ROOT_CLASS = YES_ERROR;
				CLANG_WARN_QUOTED_INCLUDE_IN_FRAMEWORK_HEADER = YES;
				CLANG_WARN_RANGE_LOOP_ANALYSIS = YES;
				CLANG_WARN_STRICT_PROTOTYPES = YES;
				CLANG_WARN_SUSPICIOUS_MOVE = YES;
				CLANG_WARN_UNGUARDED_AVAILABILITY = YES_AGGRESSIVE;
				CLANG_WARN_UNREACHABLE_CODE = YES;
				CLANG_WARN__DUPLICATE_METHOD_MATCH = YES;
				COPY_PHASE_STRIP = NO;
				DEBUG_INFORMATION_FORMAT = "dwarf-with-dsym";
				DEVELOPMENT_TEAM = "";
				ENABLE_NS_ASSERTIONS = NO;
				ENABLE_STRICT_OBJC_MSGSEND = YES;
				GCC_C_LANGUAGE_STANDARD = gnu11;
				GCC_NO_COMMON_BLOCKS = YES;
				GCC_WARN_64_TO_32_BIT_CONVERSION = YES;
				GCC_WARN_ABOUT_RETURN_TYPE = YES_ERROR;
				GCC_WARN_UNDECLARED_SELECTOR = YES;
				GCC_WARN_UNINITIALIZED_AUTOS = YES_AGGRESSIVE;
				GCC_WARN_UNUSED_FUNCTION = YES;
				GCC_WARN_UNUSED_VARIABLE = YES;
				IPHONEOS_DEPLOYMENT_TARGET = 17.2;
				LD_RUNPATH_SEARCH_PATHS = (
					"$(inherited)",
					"@executable_path/Frameworks",
				);
				MTL_ENABLE_DEBUG_INFO = NO;
				MTL_FAST_MATH = YES;
				PRODUCT_NAME = "$(TARGET_NAME)";
				SDKROOT = iphoneos;
				SWIFT_COMPILATION_MODE = wholemodule;
				SWIFT_OPTIMIZATION_LEVEL = "-O";
				SWIFT_VERSION = 5.0;
			};
			name = Release;
		};
		DDBFD64EAA0DEA9895B4ABB0 /* Release */ = {
			isa = XCBuildConfiguration;
			buildSettings = {
				ASSETCATALOG_COMPILER_APPICON_NAME = AppIcon;
				CODE_SIGN_IDENTITY = "iPhone Developer";
				"EXCLUDED_ARCHS[sdk=iphonesimulator*]" = x86_64;
				FRAMEWORK_SEARCH_PATHS = (
					"$(inherited)",
					"\"../sampleApp/build/XCFrameworks/debug\"",
				);
				INFOPLIST_FILE = LiquidKitSample/Info.plist;
				LD_RUNPATH_SEARCH_PATHS = (
					"$(inherited)",
					"@executable_path/Frameworks",
				);
				PRODUCT_BUNDLE_IDENTIFIER = io.github.androidpoet.LiquidKitSample;
				PRODUCT_MODULE_NAME = LiquidKitSampleIOS;
				PRODUCT_NAME = LiquidKitSampleIOS;
				SDKROOT = iphoneos;
				SWIFT_ENABLE_EXPLICIT_MODULES = NO;
				SWIFT_VERSION = 6.0;
				TARGETED_DEVICE_FAMILY = "1,2";
			};
			name = Release;
		};
/* End XCBuildConfiguration section */

/* Begin XCConfigurationList section */
		0513D6BFC50D64A2858FD052 /* Build configuration list for PBXProject "LiquidKitSample" */ = {
			isa = XCConfigurationList;
			buildConfigurations = (
				03F928086C2E509341AF8C3D /* Debug */,
				850957BC9CA2D19AD6F1ACF0 /* Release */,
			);
			defaultConfigurationIsVisible = 0;
			defaultConfigurationName = Debug;
		};
		0AB946D06EF24A7853214926 /* Build configuration list for PBXNativeTarget "LiquidKitSampleIOS" */ = {
			isa = XCConfigurationList;
			buildConfigurations = (
				478E38623A5E6CCCB410323B /* Debug */,
				DDBFD64EAA0DEA9895B4ABB0 /* Release */,
			);
			defaultConfigurationIsVisible = 0;
			defaultConfigurationName = Debug;
		};
/* End XCConfigurationList section */
	};
	rootObject = B8ADDCEC0D58395C7A90F640 /* Project object */;
}
